
Microsoft Visual Studio Solution File, Format Version 11.00
# Visual Studio 2010
Project("{8BC9CEB8-8B4A-11D0-8D11-00A0C91BC942}") = "Examen UF2", "Examen UF2\Examen UF2.vcxproj", "{3656F5D3-8243-433F-83BB-C14F2BD52BD2}"
EndProject
Global
	GlobalSection(SolutionConfigurationPlatforms) = preSolution
		Debug|Win32 = Debug|Win32
		Release|Win32 = Release|Win32
	EndGlobalSection
	GlobalSection(ProjectConfigurationPlatforms) = postSolution
		{3656F5D3-8243-433F-83BB-C14F2BD52BD2}.Debug|Win32.ActiveCfg = Debug|Win32
		{3656F5D3-8243-433F-83BB-C14F2BD52BD2}.Debug|Win32.Build.0 = Debug|Win32
		{3656F5D3-8243-433F-83BB-C14F2BD52BD2}.Release|Win32.ActiveCfg = Release|Win32
		{3656F5D3-8243-433F-83BB-C14F2BD52BD2}.Release|Win32.Build.0 = Release|Win32
	EndGlobalSection
	GlobalSection(SolutionProperties) = preSolution
		HideSolutionNode = FALSE
	EndGlobalSection
EndGlobal
